
Microsoft Visual Studio Solution File, Format Version 12.00
# Visual Studio Version 17
VisualStudioVersion = 17.3.32811.315
MinimumVisualStudioVersion = 10.0.40219.1
Project("{FAE04EC0-301F-11D3-BF4B-00C04F79EFBC}") = "Pilas", "Pilas.csproj", "{0B7D83C1-B5FB-4E26-A1D1-AB735FF81ACC}"
EndProject
Global
	GlobalSection(SolutionConfigurationPlatforms) = preSolution
		Debug|Any CPU = Debug|Any CPU
		Release|Any CPU = Release|Any CPU
	EndGlobalSection
	GlobalSection(ProjectConfigurationPlatforms) = postSolution
		{0B7D83C1-B5FB-4E26-A1D1-AB735FF81ACC}.Debug|Any CPU.ActiveCfg = Debug|Any CPU
		{0B7D83C1-B5FB-4E26-A1D1-AB735FF81ACC}.Debug|Any CPU.Build.0 = Debug|Any CPU
		{0B7D83C1-B5FB-4E26-A1D1-AB735FF81ACC}.Release|Any CPU.ActiveCfg = Release|Any CPU
		{0B7D83C1-B5FB-4E26-A1D1-AB735FF81ACC}.Release|Any CPU.Build.0 = Release|Any CPU
	EndGlobalSection
	GlobalSection(SolutionProperties) = preSolution
		HideSolutionNode = FALSE
	EndGlobalSection
	GlobalSection(ExtensibilityGlobals) = postSolution
		SolutionGuid = {DCDE849C-358F-486D-8344-589901EF4D00}
	EndGlobalSection
EndGlobal
